// !$*UTF8*$!
{
	archiveVersion = 1;
	classes = {
	};
	objectVersion = 48;
	objects = {

/* Begin PBXBuildFile section */
		8ACBFB212066D06000E87C08 /* LoginViewController.swift in Sources */ = {isa = PBXBuildFile; fileRef = 8ACBFB202066D06000E87C08 /* LoginViewController.swift */; };
		8ACBFB232066DC5600E87C08 /* TabBarController.swift in Sources */ = {isa = PBXBuildFile; fileRef = 8ACBFB222066DC5600E87C08 /* TabBarController.swift */; };
		8ACBFB252066EBE400E87C08 /* SearchViewController.swift in Sources */ = {isa = PBXBuildFile; fileRef = 8ACBFB242066EBE400E87C08 /* SearchViewController.swift */; };
		8ACBFB272066EC2F00E87C08 /* ResultsTableTableViewController.swift in Sources */ = {isa = PBXBuildFile; fileRef = 8ACBFB262066EC2F00E87C08 /* ResultsTableTableViewController.swift */; };
		8ACBFB292066ECD300E87C08 /* RecipeViewController.swift in Sources */ = {isa = PBXBuildFile; fileRef = 8ACBFB282066ECD300E87C08 /* RecipeViewController.swift */; };
		9345EACE2076D35800AE47B9 /* GoogleService-Info.plist in Resources */ = {isa = PBXBuildFile; fileRef = 9345EACD2076D35700AE47B9 /* GoogleService-Info.plist */; };
		9345EAD12076D48200AE47B9 /* FirebaseAnalytics.framework in Frameworks */ = {isa = PBXBuildFile; fileRef = 9345EAD02076D48100AE47B9 /* FirebaseAnalytics.framework */; };
		9345EAD32076D48700AE47B9 /* FirebaseCore.framework in Frameworks */ = {isa = PBXBuildFile; fileRef = 9345EAD22076D48700AE47B9 /* FirebaseCore.framework */; };
		9345EAD52076D49B00AE47B9 /* FirebaseCoreDiagnostics.framework in Frameworks */ = {isa = PBXBuildFile; fileRef = 9345EAD42076D49B00AE47B9 /* FirebaseCoreDiagnostics.framework */; };
		9345EAD72076D4A100AE47B9 /* FirebaseInstanceID.framework in Frameworks */ = {isa = PBXBuildFile; fileRef = 9345EAD62076D4A100AE47B9 /* FirebaseInstanceID.framework */; };
		9345EAD92076D4A700AE47B9 /* FirebaseNanoPB.framework in Frameworks */ = {isa = PBXBuildFile; fileRef = 9345EAD82076D4A700AE47B9 /* FirebaseNanoPB.framework */; };
		9345EADB2076D4BC00AE47B9 /* GoogleToolboxForMac.framework in Frameworks */ = {isa = PBXBuildFile; fileRef = 9345EADA2076D4BC00AE47B9 /* GoogleToolboxForMac.framework */; };
		9345EADD2076D4C300AE47B9 /* nanopb.framework in Frameworks */ = {isa = PBXBuildFile; fileRef = 9345EADC2076D4C300AE47B9 /* nanopb.framework */; };
		9345EADF2076D4D400AE47B9 /* FirebaseAuth.framework in Frameworks */ = {isa = PBXBuildFile; fileRef = 9345EADE2076D4D400AE47B9 /* FirebaseAuth.framework */; };
		9345EAE32076D53800AE47B9 /* FirebaseDatabase.framework in Frameworks */ = {isa = PBXBuildFile; fileRef = 9345EAE22076D53800AE47B9 /* FirebaseDatabase.framework */; };
		9345EAE52076D53D00AE47B9 /* leveldb-library.framework in Frameworks */ = {isa = PBXBuildFile; fileRef = 9345EAE42076D53D00AE47B9 /* leveldb-library.framework */; };
		9345EAE92076E0E700AE47B9 /* GTMSessionFetcher.framework in Frameworks */ = {isa = PBXBuildFile; fileRef = 9345EAE82076E0E700AE47B9 /* GTMSessionFetcher.framework */; };
		9398825120460DAA0055174E /* AppDelegate.swift in Sources */ = {isa = PBXBuildFile; fileRef = 9398825020460DAA0055174E /* AppDelegate.swift */; };
		9398825620460DAA0055174E /* Main.storyboard in Resources */ = {isa = PBXBuildFile; fileRef = 9398825420460DAA0055174E /* Main.storyboard */; };
		9398825820460DAA0055174E /* Assets.xcassets in Resources */ = {isa = PBXBuildFile; fileRef = 9398825720460DAA0055174E /* Assets.xcassets */; };
		9398825B20460DAA0055174E /* LaunchScreen.storyboard in Resources */ = {isa = PBXBuildFile; fileRef = 9398825920460DAA0055174E /* LaunchScreen.storyboard */; };
		9398826B2046142C0055174E /* search.png in Resources */ = {isa = PBXBuildFile; fileRef = 939882622046142B0055174E /* search.png */; };
		9398826C2046142C0055174E /* search@3x.png in Resources */ = {isa = PBXBuildFile; fileRef = 939882632046142B0055174E /* search@3x.png */; };
		9398826D2046142C0055174E /* search@2x.png in Resources */ = {isa = PBXBuildFile; fileRef = 939882642046142B0055174E /* search@2x.png */; };
		9398826E2046142C0055174E /* favorite@2x.png in Resources */ = {isa = PBXBuildFile; fileRef = 939882652046142B0055174E /* favorite@2x.png */; };
		9398826F2046142C0055174E /* settings.png in Resources */ = {isa = PBXBuildFile; fileRef = 939882662046142B0055174E /* settings.png */; };
		939882702046142C0055174E /* settings@2x.png in Resources */ = {isa = PBXBuildFile; fileRef = 939882672046142B0055174E /* settings@2x.png */; };
		939882712046142C0055174E /* settings@3x.png in Resources */ = {isa = PBXBuildFile; fileRef = 939882682046142C0055174E /* settings@3x.png */; };
		939882722046142C0055174E /* favorite.png in Resources */ = {isa = PBXBuildFile; fileRef = 939882692046142C0055174E /* favorite.png */; };
		939882732046142C0055174E /* favorite@3x.png in Resources */ = {isa = PBXBuildFile; fileRef = 9398826A2046142C0055174E /* favorite@3x.png */; };
		93988276204616EF0055174E /* logo_transparent.png in Resources */ = {isa = PBXBuildFile; fileRef = 93988275204616EF0055174E /* logo_transparent.png */; };
		93988279204618CE0055174E /* pexels-photo-349608.jpeg in Resources */ = {isa = PBXBuildFile; fileRef = 93988278204618CE0055174E /* pexels-photo-349608.jpeg */; };
		9398827B20461AE90055174E /* sprout_transparent.png in Resources */ = {isa = PBXBuildFile; fileRef = 9398827A20461AE90055174E /* sprout_transparent.png */; };
		9398827D204620510055174E /* mockup_recipe_img.jpeg in Resources */ = {isa = PBXBuildFile; fileRef = 9398827C204620480055174E /* mockup_recipe_img.jpeg */; };
		939FCDEE2096B20A00C16878 /* favorite_button@3x.png in Resources */ = {isa = PBXBuildFile; fileRef = 939FCDED2096B20A00C16878 /* favorite_button@3x.png */; };
		93AE0614207C5141004B20AF /* SignupViewController.swift in Sources */ = {isa = PBXBuildFile; fileRef = 93AE0613207C5141004B20AF /* SignupViewController.swift */; };
		93C71E772094E496003AFB1B /* RecipeItem.swift in Sources */ = {isa = PBXBuildFile; fileRef = 93C71E762094E496003AFB1B /* RecipeItem.swift */; };
		93C71E792094F0E5003AFB1B /* recipeItemTableViewCell.swift in Sources */ = {isa = PBXBuildFile; fileRef = 93C71E782094F0E5003AFB1B /* recipeItemTableViewCell.swift */; };
/* End PBXBuildFile section */

/* Begin PBXFileReference section */
		8ACBFB202066D06000E87C08 /* LoginViewController.swift */ = {isa = PBXFileReference; lastKnownFileType = sourcecode.swift; path = LoginViewController.swift; sourceTree = "<group>"; };
		8ACBFB222066DC5600E87C08 /* TabBarController.swift */ = {isa = PBXFileReference; lastKnownFileType = sourcecode.swift; path = TabBarController.swift; sourceTree = "<group>"; };
		8ACBFB242066EBE400E87C08 /* SearchViewController.swift */ = {isa = PBXFileReference; lastKnownFileType = sourcecode.swift; path = SearchViewController.swift; sourceTree = "<group>"; };
		8ACBFB262066EC2F00E87C08 /* ResultsTableTableViewController.swift */ = {isa = PBXFileReference; lastKnownFileType = sourcecode.swift; path = ResultsTableTableViewController.swift; sourceTree = "<group>"; };
		8ACBFB282066ECD300E87C08 /* RecipeViewController.swift */ = {isa = PBXFileReference; lastKnownFileType = sourcecode.swift; path = RecipeViewController.swift; sourceTree = "<group>"; };
		9345EACD2076D35700AE47B9 /* GoogleService-Info.plist */ = {isa = PBXFileReference; fileEncoding = 4; lastKnownFileType = text.plist.xml; path = "GoogleService-Info.plist"; sourceTree = "<group>"; };
		9345EAD02076D48100AE47B9 /* FirebaseAnalytics.framework */ = {isa = PBXFileReference; lastKnownFileType = wrapper.framework; path = FirebaseAnalytics.framework; sourceTree = "<group>"; };
		9345EAD22076D48700AE47B9 /* FirebaseCore.framework */ = {isa = PBXFileReference; lastKnownFileType = wrapper.framework; path = FirebaseCore.framework; sourceTree = "<group>"; };
		9345EAD42076D49B00AE47B9 /* FirebaseCoreDiagnostics.framework */ = {isa = PBXFileReference; lastKnownFileType = wrapper.framework; path = FirebaseCoreDiagnostics.framework; sourceTree = "<group>"; };
		9345EAD62076D4A100AE47B9 /* FirebaseInstanceID.framework */ = {isa = PBXFileReference; lastKnownFileType = wrapper.framework; path = FirebaseInstanceID.framework; sourceTree = "<group>"; };
		9345EAD82076D4A700AE47B9 /* FirebaseNanoPB.framework */ = {isa = PBXFileReference; lastKnownFileType = wrapper.framework; path = FirebaseNanoPB.framework; sourceTree = "<group>"; };
		9345EADA2076D4BC00AE47B9 /* GoogleToolboxForMac.framework */ = {isa = PBXFileReference; lastKnownFileType = wrapper.framework; path = GoogleToolboxForMac.framework; sourceTree = "<group>"; };
		9345EADC2076D4C300AE47B9 /* nanopb.framework */ = {isa = PBXFileReference; lastKnownFileType = wrapper.framework; path = nanopb.framework; sourceTree = "<group>"; };
		9345EADE2076D4D400AE47B9 /* FirebaseAuth.framework */ = {isa = PBXFileReference; lastKnownFileType = wrapper.framework; path = FirebaseAuth.framework; sourceTree = "<group>"; };
		9345EAE22076D53800AE47B9 /* FirebaseDatabase.framework */ = {isa = PBXFileReference; lastKnownFileType = wrapper.framework; path = FirebaseDatabase.framework; sourceTree = "<group>"; };
		9345EAE42076D53D00AE47B9 /* leveldb-library.framework */ = {isa = PBXFileReference; lastKnownFileType = wrapper.framework; path = "leveldb-library.framework"; sourceTree = "<group>"; };
		9345EAE62076D65C00AE47B9 /* Firebase.h */ = {isa = PBXFileReference; fileEncoding = 4; lastKnownFileType = sourcecode.c.h; path = Firebase.h; sourceTree = "<group>"; };
		9345EAE72076D66E00AE47B9 /* module.modulemap */ = {isa = PBXFileReference; fileEncoding = 4; lastKnownFileType = "sourcecode.module-map"; path = module.modulemap; sourceTree = "<group>"; };
		9345EAE82076E0E700AE47B9 /* GTMSessionFetcher.framework */ = {isa = PBXFileReference; lastKnownFileType = wrapper.framework; path = GTMSessionFetcher.framework; sourceTree = "<group>"; };
		9398824D20460DAA0055174E /* ConnoisSearch.app */ = {isa = PBXFileReference; explicitFileType = wrapper.application; includeInIndex = 0; path = ConnoisSearch.app; sourceTree = BUILT_PRODUCTS_DIR; };
		9398825020460DAA0055174E /* AppDelegate.swift */ = {isa = PBXFileReference; lastKnownFileType = sourcecode.swift; path = AppDelegate.swift; sourceTree = "<group>"; };
		9398825520460DAA0055174E /* Base */ = {isa = PBXFileReference; lastKnownFileType = file.storyboard; name = Base; path = Base.lproj/Main.storyboard; sourceTree = "<group>"; };
		9398825720460DAA0055174E /* Assets.xcassets */ = {isa = PBXFileReference; lastKnownFileType = folder.assetcatalog; path = Assets.xcassets; sourceTree = "<group>"; };
		9398825A20460DAA0055174E /* Base */ = {isa = PBXFileReference; lastKnownFileType = file.storyboard; name = Base; path = Base.lproj/LaunchScreen.storyboard; sourceTree = "<group>"; };
		9398825C20460DAA0055174E /* Info.plist */ = {isa = PBXFileReference; lastKnownFileType = text.plist.xml; path = Info.plist; sourceTree = "<group>"; };
		939882622046142B0055174E /* search.png */ = {isa = PBXFileReference; lastKnownFileType = image.png; path = search.png; sourceTree = "<group>"; };
		939882632046142B0055174E /* search@3x.png */ = {isa = PBXFileReference; lastKnownFileType = image.png; path = "search@3x.png"; sourceTree = "<group>"; };
		939882642046142B0055174E /* search@2x.png */ = {isa = PBXFileReference; lastKnownFileType = image.png; path = "search@2x.png"; sourceTree = "<group>"; };
		939882652046142B0055174E /* favorite@2x.png */ = {isa = PBXFileReference; lastKnownFileType = image.png; path = "favorite@2x.png"; sourceTree = "<group>"; };
		939882662046142B0055174E /* settings.png */ = {isa = PBXFileReference; lastKnownFileType = image.png; path = settings.png; sourceTree = "<group>"; };
		939882672046142B0055174E /* settings@2x.png */ = {isa = PBXFileReference; lastKnownFileType = image.png; path = "settings@2x.png"; sourceTree = "<group>"; };
		939882682046142C0055174E /* settings@3x.png */ = {isa = PBXFileReference; lastKnownFileType = image.png; path = "settings@3x.png"; sourceTree = "<group>"; };
		939882692046142C0055174E /* favorite.png */ = {isa = PBXFileReference; lastKnownFileType = image.png; path = favorite.png; sourceTree = "<group>"; };
		9398826A2046142C0055174E /* favorite@3x.png */ = {isa = PBXFileReference; lastKnownFileType = image.png; path = "favorite@3x.png"; sourceTree = "<group>"; };
		93988275204616EF0055174E /* logo_transparent.png */ = {isa = PBXFileReference; lastKnownFileType = image.png; path = logo_transparent.png; sourceTree = "<group>"; };
		93988278204618CE0055174E /* pexels-photo-349608.jpeg */ = {isa = PBXFileReference; lastKnownFileType = image.jpeg; path = "pexels-photo-349608.jpeg"; sourceTree = "<group>"; };
		9398827A20461AE90055174E /* sprout_transparent.png */ = {isa = PBXFileReference; lastKnownFileType = image.png; path = sprout_transparent.png; sourceTree = "<group>"; };
		9398827C204620480055174E /* mockup_recipe_img.jpeg */ = {isa = PBXFileReference; lastKnownFileType = image.jpeg; path = mockup_recipe_img.jpeg; sourceTree = "<group>"; };
		939FCDED2096B20A00C16878 /* favorite_button@3x.png */ = {isa = PBXFileReference; lastKnownFileType = image.png; path = "favorite_button@3x.png"; sourceTree = "<group>"; };
		93AE0613207C5141004B20AF /* SignupViewController.swift */ = {isa = PBXFileReference; lastKnownFileType = sourcecode.swift; path = SignupViewController.swift; sourceTree = "<group>"; };
		93C71E762094E496003AFB1B /* RecipeItem.swift */ = {isa = PBXFileReference; lastKnownFileType = sourcecode.swift; path = RecipeItem.swift; sourceTree = "<group>"; };
		93C71E782094F0E5003AFB1B /* recipeItemTableViewCell.swift */ = {isa = PBXFileReference; lastKnownFileType = sourcecode.swift; path = recipeItemTableViewCell.swift; sourceTree = "<group>"; };
/* End PBXFileReference section */

/* Begin PBXFrameworksBuildPhase section */
		9398824A20460DAA0055174E /* Frameworks */ = {
			isa = PBXFrameworksBuildPhase;
			buildActionMask = 2147483647;
			files = (
				9345EAE32076D53800AE47B9 /* FirebaseDatabase.framework in Frameworks */,
				9345EAE92076E0E700AE47B9 /* GTMSessionFetcher.framework in Frameworks */,
				9345EAD52076D49B00AE47B9 /* FirebaseCoreDiagnostics.framework in Frameworks */,
				9345EAD32076D48700AE47B9 /* FirebaseCore.framework in Frameworks */,
				9345EAD92076D4A700AE47B9 /* FirebaseNanoPB.framework in Frameworks */,
				9345EADD2076D4C300AE47B9 /* nanopb.framework in Frameworks */,
				9345EADB2076D4BC00AE47B9 /* GoogleToolboxForMac.framework in Frameworks */,
				9345EADF2076D4D400AE47B9 /* FirebaseAuth.framework in Frameworks */,
				9345EAD12076D48200AE47B9 /* FirebaseAnalytics.framework in Frameworks */,
				9345EAD72076D4A100AE47B9 /* FirebaseInstanceID.framework in Frameworks */,
				9345EAE52076D53D00AE47B9 /* leveldb-library.framework in Frameworks */,
			);
			runOnlyForDeploymentPostprocessing = 0;
		};
/* End PBXFrameworksBuildPhase section */

/* Begin PBXGroup section */
		9345EACF2076D41B00AE47B9 /* Firebase */ = {
			isa = PBXGroup;
			children = (
				9345EAE62076D65C00AE47B9 /* Firebase.h */,
				9345EAE82076E0E700AE47B9 /* GTMSessionFetcher.framework */,
				9345EAE42076D53D00AE47B9 /* leveldb-library.framework */,
				9345EAE22076D53800AE47B9 /* FirebaseDatabase.framework */,
				9345EADE2076D4D400AE47B9 /* FirebaseAuth.framework */,
				9345EADC2076D4C300AE47B9 /* nanopb.framework */,
				9345EADA2076D4BC00AE47B9 /* GoogleToolboxForMac.framework */,
				9345EAD82076D4A700AE47B9 /* FirebaseNanoPB.framework */,
				9345EAD62076D4A100AE47B9 /* FirebaseInstanceID.framework */,
				9345EAD42076D49B00AE47B9 /* FirebaseCoreDiagnostics.framework */,
				9345EAD22076D48700AE47B9 /* FirebaseCore.framework */,
				9345EAD02076D48100AE47B9 /* FirebaseAnalytics.framework */,
				9345EACD2076D35700AE47B9 /* GoogleService-Info.plist */,
				9345EAE72076D66E00AE47B9 /* module.modulemap */,
			);
			path = Firebase;
			sourceTree = "<group>";
		};
		9398824420460DA90055174E = {
			isa = PBXGroup;
			children = (
				9345EACF2076D41B00AE47B9 /* Firebase */,
				93988277204618AF0055174E /* Images */,
				9398824F20460DAA0055174E /* ConnoisSearch */,
				9398824E20460DAA0055174E /* Products */,
				93988274204614430055174E /* Icons */,
			);
			sourceTree = "<group>";
		};
		9398824E20460DAA0055174E /* Products */ = {
			isa = PBXGroup;
			children = (
				9398824D20460DAA0055174E /* ConnoisSearch.app */,
			);
			name = Products;
			sourceTree = "<group>";
		};
		9398824F20460DAA0055174E /* ConnoisSearch */ = {
			isa = PBXGroup;
			children = (
				93C71E762094E496003AFB1B /* RecipeItem.swift */,
				93C71E782094F0E5003AFB1B /* recipeItemTableViewCell.swift */,
				9398825020460DAA0055174E /* AppDelegate.swift */,
				9398825420460DAA0055174E /* Main.storyboard */,
				93AE0613207C5141004B20AF /* SignupViewController.swift */,
				9398825720460DAA0055174E /* Assets.xcassets */,
				8ACBFB202066D06000E87C08 /* LoginViewController.swift */,
				8ACBFB282066ECD300E87C08 /* RecipeViewController.swift */,
				8ACBFB262066EC2F00E87C08 /* ResultsTableTableViewController.swift */,
				8ACBFB222066DC5600E87C08 /* TabBarController.swift */,
				9398825920460DAA0055174E /* LaunchScreen.storyboard */,
				9398825C20460DAA0055174E /* Info.plist */,
				8ACBFB242066EBE400E87C08 /* SearchViewController.swift */,
			);
			path = ConnoisSearch;
			sourceTree = "<group>";
		};
		93988274204614430055174E /* Icons */ = {
			isa = PBXGroup;
			children = (
				9398827A20461AE90055174E /* sprout_transparent.png */,
				93988275204616EF0055174E /* logo_transparent.png */,
				939882692046142C0055174E /* favorite.png */,
				939882652046142B0055174E /* favorite@2x.png */,
				9398826A2046142C0055174E /* favorite@3x.png */,
				939FCDED2096B20A00C16878 /* favorite_button@3x.png */,
				939882622046142B0055174E /* search.png */,
				939882642046142B0055174E /* search@2x.png */,
				939882632046142B0055174E /* search@3x.png */,
				939882662046142B0055174E /* settings.png */,
				939882672046142B0055174E /* settings@2x.png */,
				939882682046142C0055174E /* settings@3x.png */,
			);
			path = Icons;
			sourceTree = "<group>";
		};
		93988277204618AF0055174E /* Images */ = {
			isa = PBXGroup;
			children = (
				9398827C204620480055174E /* mockup_recipe_img.jpeg */,
				93988278204618CE0055174E /* pexels-photo-349608.jpeg */,
			);
			path = Images;
			sourceTree = "<group>";
		};
/* End PBXGroup section */

/* Begin PBXNativeTarget section */
		9398824C20460DAA0055174E /* ConnoisSearch */ = {
			isa = PBXNativeTarget;
			buildConfigurationList = 9398825F20460DAA0055174E /* Build configuration list for PBXNativeTarget "ConnoisSearch" */;
			buildPhases = (
				9398824920460DAA0055174E /* Sources */,
				9398824A20460DAA0055174E /* Frameworks */,
				9398824B20460DAA0055174E /* Resources */,
			);
			buildRules = (
			);
			dependencies = (
			);
			name = ConnoisSearch;
			productName = ConnoisSearch;
			productReference = 9398824D20460DAA0055174E /* ConnoisSearch.app */;
			productType = "com.apple.product-type.application";
		};
/* End PBXNativeTarget section */

/* Begin PBXProject section */
		9398824520460DAA0055174E /* Project object */ = {
			isa = PBXProject;
			attributes = {
				LastSwiftUpdateCheck = 0920;
				LastUpgradeCheck = 0920;
				ORGANIZATIONNAME = group13;
				TargetAttributes = {
					9398824C20460DAA0055174E = {
						CreatedOnToolsVersion = 9.2;
						ProvisioningStyle = Automatic;
					};
				};
			};
			buildConfigurationList = 9398824820460DAA0055174E /* Build configuration list for PBXProject "ConnoisSearch" */;
			compatibilityVersion = "Xcode 8.0";
			developmentRegion = en;
			hasScannedForEncodings = 0;
			knownRegions = (
				en,
				Base,
			);
			mainGroup = 9398824420460DA90055174E;
			productRefGroup = 9398824E20460DAA0055174E /* Products */;
			projectDirPath = "";
			projectRoot = "";
			targets = (
				9398824C20460DAA0055174E /* ConnoisSearch */,
			);
		};
/* End PBXProject section */

/* Begin PBXResourcesBuildPhase section */
		9398824B20460DAA0055174E /* Resources */ = {
			isa = PBXResourcesBuildPhase;
			buildActionMask = 2147483647;
			files = (
				9398826F2046142C0055174E /* settings.png in Resources */,
				939882702046142C0055174E /* settings@2x.png in Resources */,
				9398826D2046142C0055174E /* search@2x.png in Resources */,
				93988279204618CE0055174E /* pexels-photo-349608.jpeg in Resources */,
				9398826E2046142C0055174E /* favorite@2x.png in Resources */,
				9398827B20461AE90055174E /* sprout_transparent.png in Resources */,
				9398827D204620510055174E /* mockup_recipe_img.jpeg in Resources */,
				939FCDEE2096B20A00C16878 /* favorite_button@3x.png in Resources */,
				93988276204616EF0055174E /* logo_transparent.png in Resources */,
				9398825B20460DAA0055174E /* LaunchScreen.storyboard in Resources */,
				939882732046142C0055174E /* favorite@3x.png in Resources */,
				939882722046142C0055174E /* favorite.png in Resources */,
				9398825820460DAA0055174E /* Assets.xcassets in Resources */,
				9345EACE2076D35800AE47B9 /* GoogleService-Info.plist in Resources */,
				9398825620460DAA0055174E /* Main.storyboard in Resources */,
				9398826C2046142C0055174E /* search@3x.png in Resources */,
				939882712046142C0055174E /* settings@3x.png in Resources */,
				9398826B2046142C0055174E /* search.png in Resources */,
			);
			runOnlyForDeploymentPostprocessing = 0;
		};
/* End PBXResourcesBuildPhase section */

/* Begin PBXSourcesBuildPhase section */
		9398824920460DAA0055174E /* Sources */ = {
			isa = PBXSourcesBuildPhase;
			buildActionMask = 2147483647;
			files = (
				8ACBFB232066DC5600E87C08 /* TabBarController.swift in Sources */,
				93AE0614207C5141004B20AF /* SignupViewController.swift in Sources */,
				93C71E772094E496003AFB1B /* RecipeItem.swift in Sources */,
				8ACBFB212066D06000E87C08 /* LoginViewController.swift in Sources */,
				8ACBFB292066ECD300E87C08 /* RecipeViewController.swift in Sources */,
				8ACBFB272066EC2F00E87C08 /* ResultsTableTableViewController.swift in Sources */,
				8ACBFB252066EBE400E87C08 /* SearchViewController.swift in Sources */,
				93C71E792094F0E5003AFB1B /* recipeItemTableViewCell.swift in Sources */,
				9398825120460DAA0055174E /* AppDelegate.swift in Sources */,
			);
			runOnlyForDeploymentPostprocessing = 0;
		};
/* End PBXSourcesBuildPhase section */

/* Begin PBXVariantGroup section */
		9398825420460DAA0055174E /* Main.storyboard */ = {
			isa = PBXVariantGroup;
			children = (
				9398825520460DAA0055174E /* Base */,
			);
			name = Main.storyboard;
			sourceTree = "<group>";
		};
		9398825920460DAA0055174E /* LaunchScreen.storyboard */ = {
			isa = PBXVariantGroup;
			children = (
				9398825A20460DAA0055174E /* Base */,
			);
			name = LaunchScreen.storyboard;
			sourceTree = "<group>";
		};
/* End PBXVariantGroup section */

/* Begin XCBuildConfiguration section */
		9398825D20460DAA0055174E /* Debug */ = {
			isa = XCBuildConfiguration;
			buildSettings = {
				ALWAYS_SEARCH_USER_PATHS = NO;
				CLANG_ANALYZER_NONNULL = YES;
				CLANG_ANALYZER_NUMBER_OBJECT_CONVERSION = YES_AGGRESSIVE;
				CLANG_CXX_LANGUAGE_STANDARD = "gnu++14";
				CLANG_CXX_LIBRARY = "libc++";
				CLANG_ENABLE_MODULES = YES;
				CLANG_ENABLE_OBJC_ARC = YES;
				CLANG_WARN_BLOCK_CAPTURE_AUTORELEASING = YES;
				CLANG_WARN_BOOL_CONVERSION = YES;
				CLANG_WARN_COMMA = YES;
				CLANG_WARN_CONSTANT_CONVERSION = YES;
				CLANG_WARN_DIRECT_OBJC_ISA_USAGE = YES_ERROR;
				CLANG_WARN_DOCUMENTATION_COMMENTS = YES;
				CLANG_WARN_EMPTY_BODY = YES;
				CLANG_WARN_ENUM_CONVERSION = YES;
				CLANG_WARN_INFINITE_RECURSION = YES;
				CLANG_WARN_INT_CONVERSION = YES;
				CLANG_WARN_NON_LITERAL_NULL_CONVERSION = YES;
				CLANG_WARN_OBJC_LITERAL_CONVERSION = YES;
				CLANG_WARN_OBJC_ROOT_CLASS = YES_ERROR;
				CLANG_WARN_RANGE_LOOP_ANALYSIS = YES;
				CLANG_WARN_STRICT_PROTOTYPES = YES;
				CLANG_WARN_SUSPICIOUS_MOVE = YES;
				CLANG_WARN_UNGUARDED_AVAILABILITY = YES_AGGRESSIVE;
				CLANG_WARN_UNREACHABLE_CODE = YES;
				CLANG_WARN__DUPLICATE_METHOD_MATCH = YES;
				CODE_SIGN_IDENTITY = "iPhone Developer";
				COPY_PHASE_STRIP = NO;
				DEBUG_INFORMATION_FORMAT = dwarf;
				ENABLE_STRICT_OBJC_MSGSEND = YES;
				ENABLE_TESTABILITY = YES;
				GCC_C_LANGUAGE_STANDARD = gnu11;
				GCC_DYNAMIC_NO_PIC = NO;
				GCC_NO_COMMON_BLOCKS = YES;
				GCC_OPTIMIZATION_LEVEL = 0;
				GCC_PREPROCESSOR_DEFINITIONS = (
					"DEBUG=1",
					"$(inherited)",
				);
				GCC_WARN_64_TO_32_BIT_CONVERSION = YES;
				GCC_WARN_ABOUT_RETURN_TYPE = YES_ERROR;
				GCC_WARN_UNDECLARED_SELECTOR = YES;
				GCC_WARN_UNINITIALIZED_AUTOS = YES_AGGRESSIVE;
				GCC_WARN_UNUSED_FUNCTION = YES;
				GCC_WARN_UNUSED_VARIABLE = YES;
				HEADER_SEARCH_PATHS = "$(SRCROOT)/Firebase/**";
				IPHONEOS_DEPLOYMENT_TARGET = 11.2;
				MTL_ENABLE_DEBUG_INFO = YES;
				ONLY_ACTIVE_ARCH = YES;
				SDKROOT = iphoneos;
				SWIFT_ACTIVE_COMPILATION_CONDITIONS = DEBUG;
				SWIFT_OPTIMIZATION_LEVEL = "-Onone";
			};
			name = Debug;
		};
		9398825E20460DAA0055174E /* Release */ = {
			isa = XCBuildConfiguration;
			buildSettings = {
				ALWAYS_SEARCH_USER_PATHS = NO;
				CLANG_ANALYZER_NONNULL = YES;
				CLANG_ANALYZER_NUMBER_OBJECT_CONVERSION = YES_AGGRESSIVE;
				CLANG_CXX_LANGUAGE_STANDARD = "gnu++14";
				CLANG_CXX_LIBRARY = "libc++";
				CLANG_ENABLE_MODULES = YES;
				CLANG_ENABLE_OBJC_ARC = YES;
				CLANG_WARN_BLOCK_CAPTURE_AUTORELEASING = YES;
				CLANG_WARN_BOOL_CONVERSION = YES;
				CLANG_WARN_COMMA = YES;
				CLANG_WARN_CONSTANT_CONVERSION = YES;
				CLANG_WARN_DIRECT_OBJC_ISA_USAGE = YES_ERROR;
				CLANG_WARN_DOCUMENTATION_COMMENTS = YES;
				CLANG_WARN_EMPTY_BODY = YES;
				CLANG_WARN_ENUM_CONVERSION = YES;
				CLANG_WARN_INFINITE_RECURSION = YES;
				CLANG_WARN_INT_CONVERSION = YES;
				CLANG_WARN_NON_LITERAL_NULL_CONVERSION = YES;
				CLANG_WARN_OBJC_LITERAL_CONVERSION = YES;
				CLANG_WARN_OBJC_ROOT_CLASS = YES_ERROR;
				CLANG_WARN_RANGE_LOOP_ANALYSIS = YES;
				CLANG_WARN_STRICT_PROTOTYPES = YES;
				CLANG_WARN_SUSPICIOUS_MOVE = YES;
				CLANG_WARN_UNGUARDED_AVAILABILITY = YES_AGGRESSIVE;
				CLANG_WARN_UNREACHABLE_CODE = YES;
				CLANG_WARN__DUPLICATE_METHOD_MATCH = YES;
				CODE_SIGN_IDENTITY = "iPhone Developer";
				COPY_PHASE_STRIP = NO;
				DEBUG_INFORMATION_FORMAT = "dwarf-with-dsym";
				ENABLE_NS_ASSERTIONS = NO;
				ENABLE_STRICT_OBJC_MSGSEND = YES;
				GCC_C_LANGUAGE_STANDARD = gnu11;
				GCC_NO_COMMON_BLOCKS = YES;
				GCC_WARN_64_TO_32_BIT_CONVERSION = YES;
				GCC_WARN_ABOUT_RETURN_TYPE = YES_ERROR;
				GCC_WARN_UNDECLARED_SELECTOR = YES;
				GCC_WARN_UNINITIALIZED_AUTOS = YES_AGGRESSIVE;
				GCC_WARN_UNUSED_FUNCTION = YES;
				GCC_WARN_UNUSED_VARIABLE = YES;
				HEADER_SEARCH_PATHS = "$(SRCROOT)/Firebase/**";
				IPHONEOS_DEPLOYMENT_TARGET = 11.2;
				MTL_ENABLE_DEBUG_INFO = NO;
				SDKROOT = iphoneos;
				SWIFT_OPTIMIZATION_LEVEL = "-Owholemodule";
				VALIDATE_PRODUCT = YES;
			};
			name = Release;
		};
		9398826020460DAA0055174E /* Debug */ = {
			isa = XCBuildConfiguration;
			buildSettings = {
				ASSETCATALOG_COMPILER_APPICON_NAME = AppIcon;
				CODE_SIGN_STYLE = Automatic;
				FRAMEWORK_SEARCH_PATHS = (
					"$(inherited)",
					"$(PROJECT_DIR)/Firebase",
				);
				INFOPLIST_FILE = ConnoisSearch/Info.plist;
				IPHONEOS_DEPLOYMENT_TARGET = 11.0;
				LD_RUNPATH_SEARCH_PATHS = "$(inherited) @executable_path/Frameworks";
				OTHER_LDFLAGS = "-ObjC";
				PRODUCT_BUNDLE_IDENTIFIER = com.cs378.group13.ConnoisSearch;
				PRODUCT_NAME = "$(TARGET_NAME)";
				SWIFT_VERSION = 4.0;
				TARGETED_DEVICE_FAMILY = "1,2";
			};
			name = Debug;
		};
		9398826120460DAA0055174E /* Release */ = {
			isa = XCBuildConfiguration;
			buildSettings = {
				ASSETCATALOG_COMPILER_APPICON_NAME = AppIcon;
				CODE_SIGN_STYLE = Automatic;
				FRAMEWORK_SEARCH_PATHS = (
					"$(inherited)",
					"$(PROJECT_DIR)/Firebase",
				);
				INFOPLIST_FILE = ConnoisSearch/Info.plist;
				IPHONEOS_DEPLOYMENT_TARGET = 11.0;
				LD_RUNPATH_SEARCH_PATHS = "$(inherited) @executable_path/Frameworks";
				OTHER_LDFLAGS = "-ObjC";
				PRODUCT_BUNDLE_IDENTIFIER = com.cs378.group13.ConnoisSearch;
				PRODUCT_NAME = "$(TARGET_NAME)";
				SWIFT_VERSION = 4.0;
				TARGETED_DEVICE_FAMILY = "1,2";
			};
			name = Release;
		};
/* End XCBuildConfiguration section */

/* Begin XCConfigurationList section */
		9398824820460DAA0055174E /* Build configuration list for PBXProject "ConnoisSearch" */ = {
			isa = XCConfigurationList;
			buildConfigurations = (
				9398825D20460DAA0055174E /* Debug */,
				9398825E20460DAA0055174E /* Release */,
			);
			defaultConfigurationIsVisible = 0;
			defaultConfigurationName = Release;
		};
		9398825F20460DAA0055174E /* Build configuration list for PBXNativeTarget "ConnoisSearch" */ = {
			isa = XCConfigurationList;
			buildConfigurations = (
				9398826020460DAA0055174E /* Debug */,
				9398826120460DAA0055174E /* Release */,
			);
			defaultConfigurationIsVisible = 0;
			defaultConfigurationName = Release;
		};
/* End XCConfigurationList section */
	};
	rootObject = 9398824520460DAA0055174E /* Project object */;
}
